[[package]]
name = "astropy"
version = "5.0.1"
description = "Astronomy and astrophysics core library"
category = "main"
optional = false
python-versions = ">=3.8"

[package.dependencies]
numpy = ">=1.18"
packaging = ">=19.0"
pyerfa = ">=2.0"
PyYAML = ">=3.13"

[package.extras]
all = ["scipy (>=1.3)", "matplotlib (>=3.1,!=3.4.0)", "certifi", "dask", "h5py", "pyarrow (>=5.0.0)", "beautifulsoup4", "html5lib", "bleach", "pandas", "sortedcontainers", "pytz", "jplephem", "mpmath", "asdf (>=2.6)", "bottleneck", "ipython (>=4.2)", "pytest", "typing-extensions"]
docs = ["sphinx (<4)", "sphinx-astropy (>=1.6)", "pytest", "scipy (>=1.3)", "matplotlib (>=3.1,!=3.4.0)", "sphinx-changelog (>=1.1.0)"]
recommended = ["scipy (>=1.3)", "matplotlib (>=3.1,!=3.4.0)"]
test = ["pytest-astropy (>=0.9)", "pytest-astropy-header (!=0.2.0)", "pytest-xdist"]
test_all = ["pytest-astropy (>=0.9)", "pytest-xdist", "objgraph", "ipython (>=4.2)", "coverage", "skyfield (>=1.20)", "sgp4 (>=2.3)"]

[[package]]
name = "certifi"
version = "2021.10.8"
description = "Python package for providing Mozilla's CA Bundle."
category = "main"
optional = false
python-versions = "*"

[[package]]
name = "colorzero"
version = "2.0"
description = "Yet another Python color library"
category = "main"
optional = false
python-versions = "*"

[package.extras]
doc = ["pkginfo", "sphinx", "sphinx-rtd-theme"]
test = ["pytest", "pytest-cov"]

[[package]]
name = "crac-protobuf"
version = "0.1.16"
description = "Protobuf contrat for client/server communication"
category = "main"
optional = false
python-versions = "^3.9"

[package.source]
type = "file"
url = "../crac-protobuf/dist/crac-protobuf-0.1.16.tar.gz"

[[package]]
name = "gpiozero"
version = "1.6.2"
description = "A simple interface to GPIO devices with Raspberry Pi."
category = "main"
optional = false
python-versions = "*"

[package.dependencies]
colorzero = "*"

[package.extras]
doc = ["sphinx", "sphinx-rtd-theme"]
test = ["pytest", "coverage", "mock", "rpi.gpio", "pigpio"]

[[package]]
name = "grpcio"
version = "1.44.0"
description = "HTTP/2-based RPC framework"
category = "main"
optional = false
python-versions = ">=3.6"

[package.dependencies]
six = ">=1.5.2"

[package.extras]
protobuf = ["grpcio-tools (>=1.44.0)"]

[[package]]
name = "grpcio-tools"
version = "1.44.0"
description = "Protobuf code generator for gRPC"
category = "main"
optional = false
python-versions = ">=3.6"

[package.dependencies]
grpcio = ">=1.44.0"
protobuf = ">=3.5.0.post1,<4.0dev"

[[package]]
name = "jplephem"
version = "2.17"
description = "Use a JPL ephemeris to predict planet positions."
category = "main"
optional = false
python-versions = "*"

[package.dependencies]
numpy = "*"

[[package]]
name = "numpy"
version = "1.22.2"
description = "NumPy is the fundamental package for array computing with Python."
category = "main"
optional = false
python-versions = ">=3.8"

[[package]]
name = "opencv-python"
version = "4.5.5.64"
description = "Wrapper package for OpenCV python bindings."
category = "main"
optional = false
python-versions = ">=3.6"

[package.dependencies]
numpy = [
    {version = ">=1.21.2", markers = "python_version >= \"3.10\" or python_version >= \"3.6\" and platform_system == \"Darwin\" and platform_machine == \"arm64\""},
    {version = ">=1.19.3", markers = "python_version >= \"3.6\" and platform_system == \"Linux\" and platform_machine == \"aarch64\" or python_version >= \"3.9\""},
    {version = ">=1.14.5", markers = "python_version >= \"3.7\""},
    {version = ">=1.17.3", markers = "python_version >= \"3.8\""},
]

[[package]]
name = "packaging"
version = "21.3"
description = "Core utilities for Python packages"
category = "main"
optional = false
python-versions = ">=3.6"

[package.dependencies]
pyparsing = ">=2.0.2,<3.0.5 || >3.0.5"

[[package]]
name = "protobuf"
version = "3.19.4"
description = "Protocol Buffers"
category = "main"
optional = false
python-versions = ">=3.5"

[[package]]
name = "pyerfa"
version = "2.0.0.1"
description = "Python bindings for ERFA"
category = "main"
optional = false
python-versions = ">=3.7"

[package.dependencies]
numpy = ">=1.17"

[package.extras]
docs = ["sphinx-astropy (>=1.3)"]
test = ["pytest", "pytest-doctestplus (>=0.7)"]

[[package]]
name = "pyparsing"
version = "3.0.7"
description = "Python parsing module"
category = "main"
optional = false
python-versions = ">=3.6"

[package.extras]
diagrams = ["jinja2", "railroad-diagrams"]

[[package]]
name = "pyyaml"
version = "6.0"
description = "YAML parser and emitter for Python"
category = "main"
optional = false
python-versions = ">=3.6"

[[package]]
name = "sgp4"
version = "2.20"
description = "Track Earth satellites given TLE data, using up-to-date 2020 SGP4 routines."
category = "main"
optional = false
python-versions = "*"

[[package]]
name = "six"
version = "1.16.0"
description = "Python 2 and 3 compatibility utilities"
category = "main"
optional = false
python-versions = ">=2.7, !=3.0.*, !=3.1.*, !=3.2.*"

[[package]]
name = "skyfield"
version = "1.42"
description = "Elegant astronomy for Python"
category = "main"
optional = false
python-versions = "*"

[package.dependencies]
certifi = ">=2017.4.17"
jplephem = ">=2.13"
numpy = "*"
sgp4 = ">=2.2"

[metadata]
lock-version = "1.1"
python-versions = "^3.9"
content-hash = "b0663f65b34919734a4585b5e17e6c27a039bbec125db55658699457e61a48bc"

[metadata.files]
astropy = [
    {file = "astropy-5.0.1-cp310-cp310-macosx_10_9_x86_64.whl", hash = "sha256:c915403b0e694175f175f34a635b46f3259eaf94557b24842c08c663946758a9"},
    {file = "astropy-5.0.1-cp310-cp310-macosx_11_0_arm64.whl", hash = "sha256:07cab2374777d6b4c709ee171e52933a780e285db6698f4f496288c89510144a"},
    {file = "astropy-5.0.1-cp310-cp310-manylinux_2_12_x86_64.manylinux2010_x86_64.whl", hash = "sha256:c298dd4e7103f75a98e5b2433c93488c911ec68619b04c402317819e611903d6"},
    {file = "astropy-5.0.1-cp310-cp310-win32.whl", hash = "sha256:ea0e71fa652fd14261dc5cef2f7e4abdcc3b7e1eab5a9d7eebf28bcf0c8251e4"},
    {file = "astropy-5.0.1-cp310-cp310-win_amd64.whl", hash = "sha256:63db27dabe255793a55744d5babb492f5b209b946ffdd26cb6665e3b5b8dfdfa"},
    {file = "astropy-5.0.1-cp38-cp38-macosx_10_9_x86_64.whl", hash = "sha256:c524da78a3846caa30a19b0b4dff9761d7cbeeb11003a4d503279bf012eed39d"},
    {file = "astropy-5.0.1-cp38-cp38-macosx_11_0_arm64.whl", hash = "sha256:dac9fc9ac0927b51e6088c43ea2673a7ca6cd02bb09c3c3d79e58610a062e5c8"},
    {file = "astropy-5.0.1-cp38-cp38-manylinux_2_12_i686.manylinux2010_i686.whl", hash = "sha256:5a2e97bc9be17d5a334e9ea613ae58a9ab56d6a2dd7d03a61f03d964a671f1c4"},
    {file = "astropy-5.0.1-cp38-cp38-manylinux_2_12_x86_64.manylinux2010_x86_64.whl", hash = "sha256:284b8410d8fc235e628c21d90c242192b5ccb537a57f2b1248baad2fb42af716"},
    {file = "astropy-5.0.1-cp38-cp38-win32.whl", hash = "sha256:6807af2514989baec92f7475018f9b75a4bd626684172a4267f2713f0218d02e"},
    {file = "astropy-5.0.1-cp38-cp38-win_amd64.whl", hash = "sha256:e5b0dcb41157b0e2487e3349fbaf38a7ff44c9aa7797c211fe9c8b24a701b8ed"},
    {file = "astropy-5.0.1-cp39-cp39-macosx_10_9_x86_64.whl", hash = "sha256:699782974f8f3bdfd768a6cb0df07e22726d0d22edbe3f13002431ef284a79b1"},
    {file = "astropy-5.0.1-cp39-cp39-macosx_11_0_arm64.whl", hash = "sha256:3d404c33b1a3503eaafa59acd02622ce525c1fe61e219311a00e5d0c193a66c2"},
    {file = "astropy-5.0.1-cp39-cp39-manylinux_2_12_i686.manylinux2010_i686.whl", hash = "sha256:73c81c7e834f1903720c753643d6a9b4ae1c642e46c4a96dab16728279343275"},
    {file = "astropy-5.0.1-cp39-cp39-manylinux_2_12_x86_64.manylinux2010_x86_64.whl", hash = "sha256:df3d0c09834bfa96029ff8c6d155b631610f55d66a8432f23e87568c7dc39957"},
    {file = "astropy-5.0.1-cp39-cp39-win32.whl", hash = "sha256:ef03ad6fa11ef331b27ffe94686c799858a54a4897e922a81ae2762c60e28c84"},
    {file = "astropy-5.0.1-cp39-cp39-win_amd64.whl", hash = "sha256:fbd1bff159374b4419c2fa869d5b591b8f955a63bd69b7542cdd88f717a42626"},
    {file = "astropy-5.0.1.tar.gz", hash = "sha256:6382cde6a205aa0b16a0d5e61c0c0131ebd4f0174d6c73e2964f4bee132a9027"},
]
certifi = [
    {file = "certifi-2021.10.8-py2.py3-none-any.whl", hash = "sha256:d62a0163eb4c2344ac042ab2bdf75399a71a2d8c7d47eac2e2ee91b9d6339569"},
    {file = "certifi-2021.10.8.tar.gz", hash = "sha256:78884e7c1d4b00ce3cea67b44566851c4343c120abd683433ce934a68ea58872"},
]
colorzero = [
    {file = "colorzero-2.0-py2.py3-none-any.whl", hash = "sha256:0e60d743a6b8071498a56465f7719c96a5e92928f858bab1be2a0d606c9aa0f8"},
    {file = "colorzero-2.0.tar.gz", hash = "sha256:e7d5a5c26cd0dc37b164ebefc609f388de24f8593b659191e12d85f8f9d5eb58"},
]
crac-protobuf = [
    {file = "crac-protobuf-0.1.16.tar.gz", hash = "sha256:3906246de3814abcd3207e73bb63d2e3b3b7df74fb9d0a4618bd8f14ef04a9df"},
]
gpiozero = [
    {file = "gpiozero-1.6.2-py2.py3-none-any.whl", hash = "sha256:9af00b90d4fa775aa1fc023363e4aa5539844a5b0c461be5ced5cfabba364d99"},
    {file = "gpiozero-1.6.2.tar.gz", hash = "sha256:0eb95a9db372146813276f92de7f43c883a3e9fe69597fc3d29c04ef3d5d5f9e"},
]
grpcio = [
    {file = "grpcio-1.44.0-cp310-cp310-linux_armv7l.whl", hash = "sha256:11f811c0fffd84fca747fbc742464575e5eb130fd4fb4d6012ccc34febd001db"},
    {file = "grpcio-1.44.0-cp310-cp310-macosx_10_10_universal2.whl", hash = "sha256:9a86a91201f8345502ea81dee0a55ae13add5fafadf109b17acd858fe8239651"},
    {file = "grpcio-1.44.0-cp310-cp310-manylinux_2_17_aarch64.whl", hash = "sha256:5f3c54ebb5d9633a557335c01d88d3d4928e9b1b131692283b6184da1edbec0b"},
    {file = "grpcio-1.44.0-cp310-cp310-manylinux_2_17_i686.manylinux2014_i686.whl", hash = "sha256:3d47553b8e86ab1e59b0185ba6491a187f94a0239f414c8fc867a22b0405b798"},
    {file = "grpcio-1.44.0-cp310-cp310-manylinux_2_17_x86_64.manylinux2014_x86_64.whl", hash = "sha256:d1e22d3a510438b7f3365c0071b810672d09febac6e8ca8a47eab657ae5f347b"},
    {file = "grpcio-1.44.0-cp310-cp310-win32.whl", hash = "sha256:41036a574cab3468f24d41d6ed2b52588fb85ed60f8feaa925d7e424a250740b"},
    {file = "grpcio-1.44.0-cp310-cp310-win_amd64.whl", hash = "sha256:4ee51964edfd0a1293a95bb0d72d134ecf889379d90d2612cbf663623ce832b4"},
    {file = "grpcio-1.44.0-cp36-cp36m-linux_armv7l.whl", hash = "sha256:e2149077d71e060678130644670389ddf1491200bcea16c5560d4ccdc65e3f2e"},
    {file = "grpcio-1.44.0-cp36-cp36m-macosx_10_10_x86_64.whl", hash = "sha256:0ac72d4b953b76924f8fa21436af060d7e6d8581e279863f30ee14f20751ac27"},
    {file = "grpcio-1.44.0-cp36-cp36m-manylinux2010_i686.whl", hash = "sha256:5c30a9a7d3a05920368a60b080cbbeaf06335303be23ac244034c71c03a0fd24"},
    {file = "grpcio-1.44.0-cp36-cp36m-manylinux2010_x86_64.whl", hash = "sha256:05467acd391e3fffb05991c76cb2ed2fa1309d0e3815ac379764bc5670b4b5d4"},
    {file = "grpcio-1.44.0-cp36-cp36m-manylinux_2_17_aarch64.whl", hash = "sha256:b81dc7894062ed2d25b74a2725aaa0a6895ce97ce854f432fe4e87cad5a07316"},
    {file = "grpcio-1.44.0-cp36-cp36m-manylinux_2_17_i686.manylinux2014_i686.whl", hash = "sha256:46d4843192e7d36278884282e100b8f305cf37d1b3d8c6b4f736d4454640a069"},
    {file = "grpcio-1.44.0-cp36-cp36m-manylinux_2_17_x86_64.manylinux2014_x86_64.whl", hash = "sha256:898c159148f27e23c08a337fb80d31ece6b76bb24f359d83929460d813665b74"},
    {file = "grpcio-1.44.0-cp36-cp36m-win32.whl", hash = "sha256:b8d852329336c584c636caa9c2db990f3a332b19bc86a80f4646b58d27c142db"},
    {file = "grpcio-1.44.0-cp36-cp36m-win_amd64.whl", hash = "sha256:790d7493337558ae168477d1be3178f4c9b8f91d8cd9b8b719d06fd9b2d48836"},
    {file = "grpcio-1.44.0-cp37-cp37m-linux_armv7l.whl", hash = "sha256:cd61b52d9cf8fcf8d9628c0b640b9e44fdc5e93d989cc268086a858540ed370c"},
    {file = "grpcio-1.44.0-cp37-cp37m-macosx_10_10_x86_64.whl", hash = "sha256:14eefcf623890f3f7dd7831decd2a2116652b5ce1e0f1d4b464b8f52110743b0"},
    {file = "grpcio-1.44.0-cp37-cp37m-manylinux2010_i686.whl", hash = "sha256:bebe90b8020b4248e5a2076b56154cc6ff45691bbbe980579fc9db26717ac968"},
    {file = "grpcio-1.44.0-cp37-cp37m-manylinux2010_x86_64.whl", hash = "sha256:89b390b1c0de909965280d175c53128ce2f0f4f5c0f011382243dd7f2f894060"},
    {file = "grpcio-1.44.0-cp37-cp37m-manylinux_2_17_aarch64.whl", hash = "sha256:c122dac5cb299b8ad7308d61bd9fe0413de13b0347cce465398436b3fdf1f609"},
    {file = "grpcio-1.44.0-cp37-cp37m-manylinux_2_17_i686.manylinux2014_i686.whl", hash = "sha256:6641a28cc826a92ef717201cca9a035c34a0185e38b0c93f3ce5f01a01a1570a"},
    {file = "grpcio-1.44.0-cp37-cp37m-manylinux_2_17_x86_64.manylinux2014_x86_64.whl", hash = "sha256:fdb0a3e0e64843441793923d9532a3a23907b07b2a1e0a7a31f186dc185bb772"},
    {file = "grpcio-1.44.0-cp37-cp37m-win32.whl", hash = "sha256:be857b7ec2ac43455156e6ba89262f7d7ae60227049427d01a3fecd218a3f88d"},
    {file = "grpcio-1.44.0-cp37-cp37m-win_amd64.whl", hash = "sha256:f6a9cf0e77f72f2ac30c9c6e086bc7446c984c51bebc6c7f50fbcd718037edba"},
    {file = "grpcio-1.44.0-cp38-cp38-linux_armv7l.whl", hash = "sha256:19e54f0c7083c8332b5a75a9081fc5127f1dbb67b6c1a32bd7fe896ef0934918"},
    {file = "grpcio-1.44.0-cp38-cp38-macosx_10_10_x86_64.whl", hash = "sha256:bfd36b959c3c4e945119387baed1414ea46f7116886aa23de0172302b49d7ff1"},
    {file = "grpcio-1.44.0-cp38-cp38-manylinux2010_i686.whl", hash = "sha256:ccd388b8f37b19d06e4152189726ce309e36dc03b53f2216a4ea49f09a7438e6"},
    {file = "grpcio-1.44.0-cp38-cp38-manylinux2010_x86_64.whl", hash = "sha256:9075c0c003c1ff14ebce8f0ba55cc692158cb55c68da09cf8b0f9fc5b749e343"},
    {file = "grpcio-1.44.0-cp38-cp38-manylinux_2_17_aarch64.whl", hash = "sha256:e898194f76212facbaeb6d7545debff29351afa23b53ff8f0834d66611af5139"},
    {file = "grpcio-1.44.0-cp38-cp38-manylinux_2_17_i686.manylinux2014_i686.whl", hash = "sha256:8fa6584046a7cf281649975a363673fa5d9c6faf9dc923f261cc0e56713b5892"},
    {file = "grpcio-1.44.0-cp38-cp38-manylinux_2_17_x86_64.manylinux2014_x86_64.whl", hash = "sha256:36a7bdd6ef9bca050c7ade8cba5f0e743343ea0756d5d3d520e915098a9dc503"},
    {file = "grpcio-1.44.0-cp38-cp38-win32.whl", hash = "sha256:dc3290d0411ddd2bd49adba5793223de8de8b01588d45e9376f1a9f7d25414f4"},
    {file = "grpcio-1.44.0-cp38-cp38-win_amd64.whl", hash = "sha256:13343e7b840c20f43b44f0e6d3bbdc037c964f0aec9735d7cb685c407731c9ff"},
    {file = "grpcio-1.44.0-cp39-cp39-linux_armv7l.whl", hash = "sha256:c5c2f8417d13386e18ccc8c61467cb6a6f9667a1ff7000a2d7d378e5d7df693f"},
    {file = "grpcio-1.44.0-cp39-cp39-macosx_10_10_x86_64.whl", hash = "sha256:cf220199b7b4992729ad4d55d5d3f652f4ccfe1a35b5eacdbecf189c245e1859"},
    {file = "grpcio-1.44.0-cp39-cp39-manylinux2010_i686.whl", hash = "sha256:4201c597e5057a9bfef9ea5777a6d83f6252cb78044db7d57d941ec2300734a5"},
    {file = "grpcio-1.44.0-cp39-cp39-manylinux2010_x86_64.whl", hash = "sha256:e2de61005118ae59d48d5d749283ebfd1ba4ca68cc1000f8a395cd2bdcff7ceb"},
    {file = "grpcio-1.44.0-cp39-cp39-manylinux_2_17_aarch64.whl", hash = "sha256:871078218fa9117e2a378678f327e32fda04e363ed6bc0477275444273255d4d"},
    {file = "grpcio-1.44.0-cp39-cp39-manylinux_2_17_i686.manylinux2014_i686.whl", hash = "sha256:a8d610b7b557a7609fecee80b6dd793ecb7a9a3c3497fbdce63ce7d151cdd705"},
    {file = "grpcio-1.44.0-cp39-cp39-manylinux_2_17_x86_64.manylinux2014_x86_64.whl", hash = "sha256:4fcb53e4eb8c271032c91b8981df5fc1bb974bc73e306ec2c27da41bd95c44b5"},
    {file = "grpcio-1.44.0-cp39-cp39-win32.whl", hash = "sha256:e50ddea6de76c09b656df4b5a55ae222e2a56e625c44250e501ff3c904113ec1"},
    {file = "grpcio-1.44.0-cp39-cp39-win_amd64.whl", hash = "sha256:d2ec124a986093e26420a5fb10fa3f02b2c232f924cdd7b844ddf7e846c020cd"},
    {file = "grpcio-1.44.0.tar.gz", hash = "sha256:4bae1c99896045d3062ab95478411c8d5a52cb84b91a1517312629fa6cfeb50e"},
]
grpcio-tools = [
    {file = "grpcio-tools-1.44.0.tar.gz", hash = "sha256:be37f458ea510c9a8f1caabbc2b258d12e55d189a567f5edcace90f27dc0efbf"},
    {file = "grpcio_tools-1.44.0-cp310-cp310-linux_armv7l.whl", hash = "sha256:9f58529e24f613019a85c258a274d441d89e0cad8cf7fca21ef3807ba5840c5d"},
    {file = "grpcio_tools-1.44.0-cp310-cp310-macosx_10_10_universal2.whl", hash = "sha256:1d120082236f8d2877f8a19366476b82c3562423b877b7c471a142432e31c2c4"},
    {file = "grpcio_tools-1.44.0-cp310-cp310-manylinux_2_17_aarch64.whl", hash = "sha256:65c2fe3cdc5425180f01dd303e28d4f363d38f4c2e3a7e1a87caedd5417e23bb"},
    {file = "grpcio_tools-1.44.0-cp310-cp310-manylinux_2_17_i686.manylinux2014_i686.whl", hash = "sha256:5caef118deb8cdee1978fd3d8e388a9b256cd8d34e4a8895731ac0e86fa5e47c"},
    {file = "grpcio_tools-1.44.0-cp310-cp310-manylinux_2_17_x86_64.manylinux2014_x86_64.whl", hash = "sha256:121c9765cee8636201cf0d4e80bc7b509813194919bccdb66e9671c4ece6dac3"},
    {file = "grpcio_tools-1.44.0-cp310-cp310-win32.whl", hash = "sha256:90d1fac188bac838c4169eb3b67197887fa0572ea8a90519a20cddb080800549"},
    {file = "grpcio_tools-1.44.0-cp310-cp310-win_amd64.whl", hash = "sha256:3e16260dfe6e997330473863e01466b0992369ae2337a0249b390b4651cff424"},
    {file = "grpcio_tools-1.44.0-cp36-cp36m-linux_armv7l.whl", hash = "sha256:608414cc1093e1e9e5980c97a6ee78e51dffff359e7a3f123d1fb9d95b8763a5"},
    {file = "grpcio_tools-1.44.0-cp36-cp36m-macosx_10_10_x86_64.whl", hash = "sha256:395609c06f69fbc79518b30a01931127088a3f9ef2cc2a35269c5f187eefd38c"},
    {file = "grpcio_tools-1.44.0-cp36-cp36m-manylinux2010_i686.whl", hash = "sha256:f7ce16766b24b88ec0e4355f5dd66c2eee6af210e889fcb7961c9c4634c687de"},
    {file = "grpcio_tools-1.44.0-cp36-cp36m-manylinux2010_x86_64.whl", hash = "sha256:3c9abc4a40c62f46d5e43e49c7afc567dedf12eeef95933ac9ea2986baa2420b"},
    {file = "grpcio_tools-1.44.0-cp36-cp36m-manylinux_2_17_aarch64.whl", hash = "sha256:b73fd87a44ba1b91866b0254193c37cdb001737759b77b637cebe0c816d38342"},
    {file = "grpcio_tools-1.44.0-cp36-cp36m-manylinux_2_17_i686.manylinux2014_i686.whl", hash = "sha256:2b211f12e4cbc0fde8e0f982b0f581cce38874666a02ebfed93c23dcaeb8a4e0"},
    {file = "grpcio_tools-1.44.0-cp36-cp36m-manylinux_2_17_x86_64.manylinux2014_x86_64.whl", hash = "sha256:9b421dc9b27bcaff4c73644cd3801e4893b11ba3eb39729246fd3de98d9f685b"},
    {file = "grpcio_tools-1.44.0-cp36-cp36m-win32.whl", hash = "sha256:33d93027840a873c7b59402fe6db8263b88c56e2f84aa0b6281c05cc8bd314a1"},
    {file = "grpcio_tools-1.44.0-cp36-cp36m-win_amd64.whl", hash = "sha256:71fb6e7e66b918803b1bebd0231560981ab86c2546a3318a45822ce94de5e83d"},
    {file = "grpcio_tools-1.44.0-cp37-cp37m-linux_armv7l.whl", hash = "sha256:614c427ff235d92f103e9189f0230197c8f2f817d0dd9fd078f5d2ea4d920d02"},
    {file = "grpcio_tools-1.44.0-cp37-cp37m-macosx_10_10_x86_64.whl", hash = "sha256:c13e0cb486cfa15320ddcd70452a4d736e6ce319c03d6b3c0c2513ec8d2748fb"},
    {file = "grpcio_tools-1.44.0-cp37-cp37m-manylinux2010_i686.whl", hash = "sha256:5ade6b13dc4e148f400c8f55a6ef0b14216a3371d7a9e559571d5981b6cec36b"},
    {file = "grpcio_tools-1.44.0-cp37-cp37m-manylinux2010_x86_64.whl", hash = "sha256:6138d2c7eec7ed57585bc58e2dbcb65635a2d574ac632abd29949d3e68936bab"},
    {file = "grpcio_tools-1.44.0-cp37-cp37m-manylinux_2_17_aarch64.whl", hash = "sha256:3d6c8548b199591757dbfe89ed14e23782d6079d6d201c6c314c72f4086883aa"},
    {file = "grpcio_tools-1.44.0-cp37-cp37m-manylinux_2_17_i686.manylinux2014_i686.whl", hash = "sha256:b41c419829f01734d65958ba9b01b759061d8f7e0698f9612ba6b8837269f7a9"},
    {file = "grpcio_tools-1.44.0-cp37-cp37m-manylinux_2_17_x86_64.manylinux2014_x86_64.whl", hash = "sha256:f9f0c5b4567631fec993826e694e83d86a972b3e2e9b05cb0c56839b0316d26c"},
    {file = "grpcio_tools-1.44.0-cp37-cp37m-win32.whl", hash = "sha256:3f0e1d1f3f5a6f0c9f8b5441819dbec831ce7e9ffe04768e4b0d965a95fbbe5e"},
    {file = "grpcio_tools-1.44.0-cp37-cp37m-win_amd64.whl", hash = "sha256:1f87fc86d0b4181b6b4da6ec6a29511dca000e6b5694fdd6bbf87d125128bc41"},
    {file = "grpcio_tools-1.44.0-cp38-cp38-linux_armv7l.whl", hash = "sha256:cb8baa1d4cea35ca662c24098377bdd9514c56f227da0e38b43cd9b8223bfcc6"},
    {file = "grpcio_tools-1.44.0-cp38-cp38-macosx_10_10_x86_64.whl", hash = "sha256:ea36a294f7c70fd2f2bfb5dcf08602006304aa65b055ebd4f7c709e2a89deba7"},
    {file = "grpcio_tools-1.44.0-cp38-cp38-manylinux2010_i686.whl", hash = "sha256:1972caf8f695b91edc6444134445798692fe71276f0cde7604d55e65179adf93"},
    {file = "grpcio_tools-1.44.0-cp38-cp38-manylinux2010_x86_64.whl", hash = "sha256:674fb8d9c0e2d75166c4385753962485b757897223fc92a19c9e513ab80b96f7"},
    {file = "grpcio_tools-1.44.0-cp38-cp38-manylinux_2_17_aarch64.whl", hash = "sha256:37045ba850d423cdacede77b266b127025818a5a36d80f1fd7a5a1614a6a0de5"},
    {file = "grpcio_tools-1.44.0-cp38-cp38-manylinux_2_17_i686.manylinux2014_i686.whl", hash = "sha256:6cdf72947c6b0b03aa6dac06117a095947d02d43a5c6343051f4ce161fd0abcb"},
    {file = "grpcio_tools-1.44.0-cp38-cp38-manylinux_2_17_x86_64.manylinux2014_x86_64.whl", hash = "sha256:69bfa6fc1515c202fe428ba9f99e2b2f947b01bafc15d868798235b2e2d36baa"},
    {file = "grpcio_tools-1.44.0-cp38-cp38-win32.whl", hash = "sha256:2c516124356476d9afa126acce10ce568733120afbd9ae17ee01d44b9da20a67"},
    {file = "grpcio_tools-1.44.0-cp38-cp38-win_amd64.whl", hash = "sha256:ceb6441c24176705c5ab056e65a8b330e107107c5a492ba094d1b862a136d15d"},
    {file = "grpcio_tools-1.44.0-cp39-cp39-linux_armv7l.whl", hash = "sha256:398eda759194d355eb09f7beabae6e4fb45b3877cf7efe505b49095fa4889cef"},
    {file = "grpcio_tools-1.44.0-cp39-cp39-macosx_10_10_x86_64.whl", hash = "sha256:a169bfd7a1fe8cc11472eeeeab3088b3c5d56caac12b2192a920b73adcbc974c"},
    {file = "grpcio_tools-1.44.0-cp39-cp39-manylinux2010_i686.whl", hash = "sha256:a58aaaec0d846d142edd8e794ebb80aa429abfd581f4493a60a603aac0c50ac8"},
    {file = "grpcio_tools-1.44.0-cp39-cp39-manylinux2010_x86_64.whl", hash = "sha256:c3253bee8b68fe422754faf0f286aa068861c926a7b11e4daeb44b9af767c7f1"},
    {file = "grpcio_tools-1.44.0-cp39-cp39-manylinux_2_17_aarch64.whl", hash = "sha256:3c0be60721ae1ba09c4f29572a145f412e561b9201e19428758893709827f472"},
    {file = "grpcio_tools-1.44.0-cp39-cp39-manylinux_2_17_i686.manylinux2014_i686.whl", hash = "sha256:e44b9572c2226b85976e0d6054e22d7c59ebd6c9425ee71e5bc8910434aee3e1"},
    {file = "grpcio_tools-1.44.0-cp39-cp39-manylinux_2_17_x86_64.manylinux2014_x86_64.whl", hash = "sha256:7c04ec47905c4f6d6dad34d29f6ace652cc1ddc986f55aaa5559b72104c3f5cf"},
    {file = "grpcio_tools-1.44.0-cp39-cp39-win32.whl", hash = "sha256:fb8c7b9d24e2c4dc77e7800e83b68081729ac6094b781b2afdabf08af18c3b28"},
    {file = "grpcio_tools-1.44.0-cp39-cp39-win_amd64.whl", hash = "sha256:4eb93619c8cb3773fb899504e3e30a0dc79d3904fd7a84091d15552178e1e920"},
]
jplephem = [
    {file = "jplephem-2.17.tar.gz", hash = "sha256:e1c6e5565c4d00485f1063241b4d1eff044585c22b8e97fad0ff2f6efb8aaa27"},
]
numpy = [
    {file = "numpy-1.22.2-cp310-cp310-macosx_10_14_x86_64.whl", hash = "sha256:515a8b6edbb904594685da6e176ac9fbea8f73a5ebae947281de6613e27f1956"},
    {file = "numpy-1.22.2-cp310-cp310-macosx_11_0_arm64.whl", hash = "sha256:76a4f9bce0278becc2da7da3b8ef854bed41a991f4226911a24a9711baad672c"},
    {file = "numpy-1.22.2-cp310-cp310-manylinux_2_17_aarch64.manylinux2014_aarch64.whl", hash = "sha256:168259b1b184aa83a514f307352c25c56af111c269ffc109d9704e81f72e764b"},
    {file = "numpy-1.22.2-cp310-cp310-manylinux_2_17_x86_64.manylinux2014_x86_64.whl", hash = "sha256:3556c5550de40027d3121ebbb170f61bbe19eb639c7ad0c7b482cd9b560cd23b"},
    {file = "numpy-1.22.2-cp310-cp310-win_amd64.whl", hash = "sha256:aafa46b5a39a27aca566198d3312fb3bde95ce9677085efd02c86f7ef6be4ec7"},
    {file = "numpy-1.22.2-cp38-cp38-macosx_10_14_x86_64.whl", hash = "sha256:55535c7c2f61e2b2fc817c5cbe1af7cb907c7f011e46ae0a52caa4be1f19afe2"},
    {file = "numpy-1.22.2-cp38-cp38-macosx_11_0_arm64.whl", hash = "sha256:60cb8e5933193a3cc2912ee29ca331e9c15b2da034f76159b7abc520b3d1233a"},
    {file = "numpy-1.22.2-cp38-cp38-manylinux_2_17_aarch64.manylinux2014_aarch64.whl", hash = "sha256:0b536b6840e84c1c6a410f3a5aa727821e6108f3454d81a5cd5900999ef04f89"},
    {file = "numpy-1.22.2-cp38-cp38-manylinux_2_17_x86_64.manylinux2014_x86_64.whl", hash = "sha256:2638389562bda1635b564490d76713695ff497242a83d9b684d27bb4a6cc9d7a"},
    {file = "numpy-1.22.2-cp38-cp38-win32.whl", hash = "sha256:6767ad399e9327bfdbaa40871be4254d1995f4a3ca3806127f10cec778bd9896"},
    {file = "numpy-1.22.2-cp38-cp38-win_amd64.whl", hash = "sha256:03ae5850619abb34a879d5f2d4bb4dcd025d6d8fb72f5e461dae84edccfe129f"},
    {file = "numpy-1.22.2-cp39-cp39-macosx_10_14_x86_64.whl", hash = "sha256:d76a26c5118c4d96e264acc9e3242d72e1a2b92e739807b3b69d8d47684b6677"},
    {file = "numpy-1.22.2-cp39-cp39-macosx_11_0_arm64.whl", hash = "sha256:15efb7b93806d438e3bc590ca8ef2f953b0ce4f86f337ef4559d31ec6cf9d7dd"},
    {file = "numpy-1.22.2-cp39-cp39-manylinux_2_17_aarch64.manylinux2014_aarch64.whl", hash = "sha256:badca914580eb46385e7f7e4e426fea6de0a37b9e06bec252e481ae7ec287082"},
    {file = "numpy-1.22.2-cp39-cp39-manylinux_2_17_x86_64.manylinux2014_x86_64.whl", hash = "sha256:94dd11d9f13ea1be17bac39c1942f527cbf7065f94953cf62dfe805653da2f8f"},
    {file = "numpy-1.22.2-cp39-cp39-win32.whl", hash = "sha256:8cf33634b60c9cef346663a222d9841d3bbbc0a2f00221d6bcfd0d993d5543f6"},
    {file = "numpy-1.22.2-cp39-cp39-win_amd64.whl", hash = "sha256:59153979d60f5bfe9e4c00e401e24dfe0469ef8da6d68247439d3278f30a180f"},
    {file = "numpy-1.22.2-pp38-pypy38_pp73-manylinux_2_17_x86_64.manylinux2014_x86_64.whl", hash = "sha256:4a176959b6e7e00b5a0d6f549a479f869829bfd8150282c590deee6d099bbb6e"},
    {file = "numpy-1.22.2.zip", hash = "sha256:076aee5a3763d41da6bef9565fdf3cb987606f567cd8b104aded2b38b7b47abf"},
]
opencv-python = [
    {file = "opencv-python-4.5.5.64.tar.gz", hash = "sha256:f65de0446a330c3b773cd04ba10345d8ce1b15dcac3f49770204e37602d0b3f7"},
    {file = "opencv_python-4.5.5.64-cp36-abi3-macosx_10_15_x86_64.whl", hash = "sha256:a512a0c59b6fec0fac3844b2f47d6ecb1a9d18d235e6c5491ce8dbbe0663eae8"},
    {file = "opencv_python-4.5.5.64-cp36-abi3-manylinux_2_17_aarch64.manylinux2014_aarch64.whl", hash = "sha256:ca6138b6903910e384067d001763d40f97656875487381aed32993b076f44375"},
    {file = "opencv_python-4.5.5.64-cp36-abi3-manylinux_2_17_x86_64.manylinux2014_x86_64.whl", hash = "sha256:b293ced62f4360d9f11cf72ae7e9df95320ff7bf5b834d87546f844e838c0c35"},
    {file = "opencv_python-4.5.5.64-cp36-abi3-win32.whl", hash = "sha256:6247e584813c00c3b9ed69a795da40d2c153dc923d0182e957e1c2f00a554ac2"},
    {file = "opencv_python-4.5.5.64-cp36-abi3-win_amd64.whl", hash = "sha256:408d5332550287aa797fd06bef47b2dfed163c6787668cc82ef9123a9484b56a"},
    {file = "opencv_python-4.5.5.64-cp37-abi3-macosx_11_0_arm64.whl", hash = "sha256:7787bb017ae93d5f9bb1b817ac8e13e45dd193743cb648498fcab21d00cf20a3"},
]
packaging = [
    {file = "packaging-21.3-py3-none-any.whl", hash = "sha256:ef103e05f519cdc783ae24ea4e2e0f508a9c99b2d4969652eed6a2e1ea5bd522"},
    {file = "packaging-21.3.tar.gz", hash = "sha256:dd47c42927d89ab911e606518907cc2d3a1f38bbd026385970643f9c5b8ecfeb"},
]
protobuf = [
    {file = "protobuf-3.19.4-cp310-cp310-macosx_10_9_universal2.whl", hash = "sha256:f51d5a9f137f7a2cec2d326a74b6e3fc79d635d69ffe1b036d39fc7d75430d37"},
    {file = "protobuf-3.19.4-cp310-cp310-manylinux2014_aarch64.whl", hash = "sha256:09297b7972da685ce269ec52af761743714996b4381c085205914c41fcab59fb"},
    {file = "protobuf-3.19.4-cp310-cp310-manylinux_2_17_x86_64.manylinux2014_x86_64.whl", hash = "sha256:072fbc78d705d3edc7ccac58a62c4c8e0cec856987da7df8aca86e647be4e35c"},
    {file = "protobuf-3.19.4-cp310-cp310-win32.whl", hash = "sha256:7bb03bc2873a2842e5ebb4801f5c7ff1bfbdf426f85d0172f7644fcda0671ae0"},
    {file = "protobuf-3.19.4-cp310-cp310-win_amd64.whl", hash = "sha256:f358aa33e03b7a84e0d91270a4d4d8f5df6921abe99a377828839e8ed0c04e07"},
    {file = "protobuf-3.19.4-cp36-cp36m-macosx_10_9_x86_64.whl", hash = "sha256:1c91ef4110fdd2c590effb5dca8fdbdcb3bf563eece99287019c4204f53d81a4"},
    {file = "protobuf-3.19.4-cp36-cp36m-manylinux_2_17_x86_64.manylinux2014_x86_64.whl", hash = "sha256:c438268eebb8cf039552897d78f402d734a404f1360592fef55297285f7f953f"},
    {file = "protobuf-3.19.4-cp36-cp36m-win32.whl", hash = "sha256:835a9c949dc193953c319603b2961c5c8f4327957fe23d914ca80d982665e8ee"},
    {file = "protobuf-3.19.4-cp36-cp36m-win_amd64.whl", hash = "sha256:4276cdec4447bd5015453e41bdc0c0c1234eda08420b7c9a18b8d647add51e4b"},
    {file = "protobuf-3.19.4-cp37-cp37m-macosx_10_9_x86_64.whl", hash = "sha256:6cbc312be5e71869d9d5ea25147cdf652a6781cf4d906497ca7690b7b9b5df13"},
    {file = "protobuf-3.19.4-cp37-cp37m-manylinux2014_aarch64.whl", hash = "sha256:54a1473077f3b616779ce31f477351a45b4fef8c9fd7892d6d87e287a38df368"},
    {file = "protobuf-3.19.4-cp37-cp37m-manylinux_2_17_x86_64.manylinux2014_x86_64.whl", hash = "sha256:435bb78b37fc386f9275a7035fe4fb1364484e38980d0dd91bc834a02c5ec909"},
    {file = "protobuf-3.19.4-cp37-cp37m-win32.whl", hash = "sha256:16f519de1313f1b7139ad70772e7db515b1420d208cb16c6d7858ea989fc64a9"},
    {file = "protobuf-3.19.4-cp37-cp37m-win_amd64.whl", hash = "sha256:cdc076c03381f5c1d9bb1abdcc5503d9ca8b53cf0a9d31a9f6754ec9e6c8af0f"},
    {file = "protobuf-3.19.4-cp38-cp38-macosx_10_9_x86_64.whl", hash = "sha256:69da7d39e39942bd52848438462674c463e23963a1fdaa84d88df7fbd7e749b2"},
    {file = "protobuf-3.19.4-cp38-cp38-manylinux2014_aarch64.whl", hash = "sha256:48ed3877fa43e22bcacc852ca76d4775741f9709dd9575881a373bd3e85e54b2"},
    {file = "protobuf-3.19.4-cp38-cp38-manylinux_2_17_x86_64.manylinux2014_x86_64.whl", hash = "sha256:bd95d1dfb9c4f4563e6093a9aa19d9c186bf98fa54da5252531cc0d3a07977e7"},
    {file = "protobuf-3.19.4-cp38-cp38-win32.whl", hash = "sha256:b38057450a0c566cbd04890a40edf916db890f2818e8682221611d78dc32ae26"},
    {file = "protobuf-3.19.4-cp38-cp38-win_amd64.whl", hash = "sha256:7ca7da9c339ca8890d66958f5462beabd611eca6c958691a8fe6eccbd1eb0c6e"},
    {file = "protobuf-3.19.4-cp39-cp39-macosx_10_9_x86_64.whl", hash = "sha256:36cecbabbda242915529b8ff364f2263cd4de7c46bbe361418b5ed859677ba58"},
    {file = "protobuf-3.19.4-cp39-cp39-manylinux2014_aarch64.whl", hash = "sha256:c1068287025f8ea025103e37d62ffd63fec8e9e636246b89c341aeda8a67c934"},
    {file = "protobuf-3.19.4-cp39-cp39-manylinux_2_17_x86_64.manylinux2014_x86_64.whl", hash = "sha256:96bd766831596d6014ca88d86dc8fe0fb2e428c0b02432fd9db3943202bf8c5e"},
    {file = "protobuf-3.19.4-cp39-cp39-win32.whl", hash = "sha256:84123274d982b9e248a143dadd1b9815049f4477dc783bf84efe6250eb4b836a"},
    {file = "protobuf-3.19.4-cp39-cp39-win_amd64.whl", hash = "sha256:3112b58aac3bac9c8be2b60a9daf6b558ca3f7681c130dcdd788ade7c9ffbdca"},
    {file = "protobuf-3.19.4-py2.py3-none-any.whl", hash = "sha256:8961c3a78ebfcd000920c9060a262f082f29838682b1f7201889300c1fbe0616"},
    {file = "protobuf-3.19.4.tar.gz", hash = "sha256:9df0c10adf3e83015ced42a9a7bd64e13d06c4cf45c340d2c63020ea04499d0a"},
]
pyerfa = [
    {file = "pyerfa-2.0.0.1-cp310-cp310-macosx_10_9_x86_64.whl", hash = "sha256:278832de7803f2fb0ef4b14263200f98dfdb3eaa78dc63835d93796fd8fc42c6"},
    {file = "pyerfa-2.0.0.1-cp310-cp310-manylinux_2_17_aarch64.manylinux2014_aarch64.whl", hash = "sha256:629248cebc8626a52e80f69d4e2f30cc6e751f57803f5ba7ec99edd09785d181"},
    {file = "pyerfa-2.0.0.1-cp310-cp310-manylinux_2_5_i686.manylinux1_i686.manylinux_2_12_i686.manylinux2010_i686.whl", hash = "sha256:3285d95dfe398a931a633da961f6f1c0b8690f2a3b1c510a4efe639f784cd9c7"},
    {file = "pyerfa-2.0.0.1-cp310-cp310-manylinux_2_5_x86_64.manylinux1_x86_64.manylinux_2_12_x86_64.manylinux2010_x86_64.whl", hash = "sha256:177f50f0e8354f1a7115c2d4784668b365f1cc2f2c7d1e2f4ddf354160559b32"},
    {file = "pyerfa-2.0.0.1-cp310-cp310-musllinux_1_1_x86_64.whl", hash = "sha256:041939a7554a98b72885904ffddd8882567191bee62358727679448480174c31"},
    {file = "pyerfa-2.0.0.1-cp310-cp310-win32.whl", hash = "sha256:f9e149bc3d423ae891f6587c1383fd471ae07744b88152e66b5e9f64a8bc9006"},
    {file = "pyerfa-2.0.0.1-cp310-cp310-win_amd64.whl", hash = "sha256:f00dc4fc48a16eb39fd0121f2f06c03ee762b79a207cc5b0bc17d94191b51302"},
    {file = "pyerfa-2.0.0.1-cp37-cp37m-macosx_10_9_x86_64.whl", hash = "sha256:1ba3668e1e181a678ce788d23a4f8666aabd8518f77fdde5157ba4744bc73d4a"},
    {file = "pyerfa-2.0.0.1-cp37-cp37m-manylinux_2_17_aarch64.manylinux2014_aarch64.whl", hash = "sha256:b8f08f6e6d75a261bb92b707bea19eba2e46a8fcbfb499b789f3eb0d0352ea00"},
    {file = "pyerfa-2.0.0.1-cp37-cp37m-manylinux_2_5_i686.manylinux1_i686.manylinux_2_12_i686.manylinux2010_i686.whl", hash = "sha256:da89304d6b25ac056e470f44f85770b04c9674eced07a7f93b5eb0ce1edaabd9"},
    {file = "pyerfa-2.0.0.1-cp37-cp37m-manylinux_2_5_x86_64.manylinux1_x86_64.manylinux_2_12_x86_64.manylinux2010_x86_64.whl", hash = "sha256:36738ba75e7a69e0ea6a7e96a5d33a852816427e7e94e7089c188ef920b02669"},
    {file = "pyerfa-2.0.0.1-cp37-cp37m-musllinux_1_1_x86_64.whl", hash = "sha256:5c077aed4ccd585c1fe2f96ada8edb66e9d27b4ae8ff13ea2783283b298ba0c6"},
    {file = "pyerfa-2.0.0.1-cp37-cp37m-win32.whl", hash = "sha256:0833f8ebba9f84a19a04ee5ca5aa90be75729abfbb8328e7a6d89ed1b04e058c"},
    {file = "pyerfa-2.0.0.1-cp37-cp37m-win_amd64.whl", hash = "sha256:e86c08c9c0b75e448818473c6d709e3887a439c05a1aa34042d26774251422b7"},
    {file = "pyerfa-2.0.0.1-cp38-cp38-macosx_10_9_x86_64.whl", hash = "sha256:b935fa9d10dfd7206760859236640c835aa652609c0ae8a6584593324eb6f318"},
    {file = "pyerfa-2.0.0.1-cp38-cp38-manylinux_2_17_aarch64.manylinux2014_aarch64.whl", hash = "sha256:67711a748821c5d91f7a8907b9125094dfc3e5ab6a6b7ad8e207fd6afbe6b37f"},
    {file = "pyerfa-2.0.0.1-cp38-cp38-manylinux_2_5_i686.manylinux1_i686.manylinux_2_12_i686.manylinux2010_i686.whl", hash = "sha256:d2c10838241aaf17279468dcc731cb2c09bfb7dd7b340c0f527fd70c7c9e53d1"},
    {file = "pyerfa-2.0.0.1-cp38-cp38-manylinux_2_5_x86_64.manylinux1_x86_64.manylinux_2_12_x86_64.manylinux2010_x86_64.whl", hash = "sha256:37249e1e2b378d1f56e9379e4bb8f2cf87645c160a8a3e92166a1b7bb7ad7ea6"},
    {file = "pyerfa-2.0.0.1-cp38-cp38-musllinux_1_1_x86_64.whl", hash = "sha256:f76fb4b64a87da2af9d0b6b79cc25e1ecc5b4143b2b3c8c9f10b221748c5db4d"},
    {file = "pyerfa-2.0.0.1-cp38-cp38-win32.whl", hash = "sha256:486e672c52bf58eab61140968660ac7fb3b756116b53c26c334ae95dadd943ee"},
    {file = "pyerfa-2.0.0.1-cp38-cp38-win_amd64.whl", hash = "sha256:d603f1e8123f98a0593433aa6dad4ba03f0b0ceef4cb3e96f9a69aa7ab8d5c61"},
    {file = "pyerfa-2.0.0.1-cp39-cp39-macosx_10_9_x86_64.whl", hash = "sha256:ef5590b2075c50395b958f102988e519e339d96509dfdca0360f26dde94c47e7"},
    {file = "pyerfa-2.0.0.1-cp39-cp39-manylinux_2_17_aarch64.manylinux2014_aarch64.whl", hash = "sha256:c7ca8c98842f1ae10c1fbcea0e03a41ddc13456da88da2dc9b8335a8c414d7a3"},
    {file = "pyerfa-2.0.0.1-cp39-cp39-manylinux_2_5_i686.manylinux1_i686.manylinux_2_12_i686.manylinux2010_i686.whl", hash = "sha256:d3e7dedce1d7e4e044f6f81d192b1f6b373c8ad6716aa8721ec6d3cf4d36f5f3"},
    {file = "pyerfa-2.0.0.1-cp39-cp39-manylinux_2_5_x86_64.manylinux1_x86_64.manylinux_2_12_x86_64.manylinux2010_x86_64.whl", hash = "sha256:690116a6026ee84ce5fec794c9e21bdc8c0ac8345d6722323810181486745068"},
    {file = "pyerfa-2.0.0.1-cp39-cp39-musllinux_1_1_x86_64.whl", hash = "sha256:da5ee24eaf5e5f841f36885ea16461800b7bea11df5b657bcff85d7a7f51d2d8"},
    {file = "pyerfa-2.0.0.1-cp39-cp39-win32.whl", hash = "sha256:7895b7e6f3bc36442d1969bf3bda5a4c3b661be7a5a468798369cbd5d81023d8"},
    {file = "pyerfa-2.0.0.1-cp39-cp39-win_amd64.whl", hash = "sha256:63a83c35cea8c5d50d53c18089f1e625c0ffc59a7a5b8d44e0f1b3ec5288f183"},
    {file = "pyerfa-2.0.0.1.tar.gz", hash = "sha256:2fd4637ffe2c1e6ede7482c13f583ba7c73119d78bef90175448ce506a0ede30"},
]
pyparsing = [
    {file = "pyparsing-3.0.7-py3-none-any.whl", hash = "sha256:a6c06a88f252e6c322f65faf8f418b16213b51bdfaece0524c1c1bc30c63c484"},
    {file = "pyparsing-3.0.7.tar.gz", hash = "sha256:18ee9022775d270c55187733956460083db60b37d0d0fb357445f3094eed3eea"},
]
pyyaml = [
    {file = "PyYAML-6.0-cp310-cp310-macosx_10_9_x86_64.whl", hash = "sha256:d4db7c7aef085872ef65a8fd7d6d09a14ae91f691dec3e87ee5ee0539d516f53"},
    {file = "PyYAML-6.0-cp310-cp310-macosx_11_0_arm64.whl", hash = "sha256:9df7ed3b3d2e0ecfe09e14741b857df43adb5a3ddadc919a2d94fbdf78fea53c"},
    {file = "PyYAML-6.0-cp310-cp310-manylinux_2_17_aarch64.manylinux2014_aarch64.whl", hash = "sha256:77f396e6ef4c73fdc33a9157446466f1cff553d979bd00ecb64385760c6babdc"},
    {file = "PyYAML-6.0-cp310-cp310-manylinux_2_17_s390x.manylinux2014_s390x.whl", hash = "sha256:a80a78046a72361de73f8f395f1f1e49f956c6be882eed58505a15f3e430962b"},
    {file = "PyYAML-6.0-cp310-cp310-manylinux_2_5_x86_64.manylinux1_x86_64.manylinux_2_12_x86_64.manylinux2010_x86_64.whl", hash = "sha256:f84fbc98b019fef2ee9a1cb3ce93e3187a6df0b2538a651bfb890254ba9f90b5"},
    {file = "PyYAML-6.0-cp310-cp310-win32.whl", hash = "sha256:2cd5df3de48857ed0544b34e2d40e9fac445930039f3cfe4bcc592a1f836d513"},
    {file = "PyYAML-6.0-cp310-cp310-win_amd64.whl", hash = "sha256:daf496c58a8c52083df09b80c860005194014c3698698d1a57cbcfa182142a3a"},
    {file = "PyYAML-6.0-cp36-cp36m-macosx_10_9_x86_64.whl", hash = "sha256:897b80890765f037df3403d22bab41627ca8811ae55e9a722fd0392850ec4d86"},
    {file = "PyYAML-6.0-cp36-cp36m-manylinux_2_17_aarch64.manylinux2014_aarch64.whl", hash = "sha256:50602afada6d6cbfad699b0c7bb50d5ccffa7e46a3d738092afddc1f9758427f"},
    {file = "PyYAML-6.0-cp36-cp36m-manylinux_2_17_s390x.manylinux2014_s390x.whl", hash = "sha256:48c346915c114f5fdb3ead70312bd042a953a8ce5c7106d5bfb1a5254e47da92"},
    {file = "PyYAML-6.0-cp36-cp36m-manylinux_2_5_x86_64.manylinux1_x86_64.manylinux_2_12_x86_64.manylinux2010_x86_64.whl", hash = "sha256:98c4d36e99714e55cfbaaee6dd5badbc9a1ec339ebfc3b1f52e293aee6bb71a4"},
    {file = "PyYAML-6.0-cp36-cp36m-win32.whl", hash = "sha256:0283c35a6a9fbf047493e3a0ce8d79ef5030852c51e9d911a27badfde0605293"},
    {file = "PyYAML-6.0-cp36-cp36m-win_amd64.whl", hash = "sha256:07751360502caac1c067a8132d150cf3d61339af5691fe9e87803040dbc5db57"},
    {file = "PyYAML-6.0-cp37-cp37m-macosx_10_9_x86_64.whl", hash = "sha256:819b3830a1543db06c4d4b865e70ded25be52a2e0631ccd2f6a47a2822f2fd7c"},
    {file = "PyYAML-6.0-cp37-cp37m-manylinux_2_17_aarch64.manylinux2014_aarch64.whl", hash = "sha256:473f9edb243cb1935ab5a084eb238d842fb8f404ed2193a915d1784b5a6b5fc0"},
    {file = "PyYAML-6.0-cp37-cp37m-manylinux_2_17_s390x.manylinux2014_s390x.whl", hash = "sha256:0ce82d761c532fe4ec3f87fc45688bdd3a4c1dc5e0b4a19814b9009a29baefd4"},
    {file = "PyYAML-6.0-cp37-cp37m-manylinux_2_5_x86_64.manylinux1_x86_64.manylinux_2_12_x86_64.manylinux2010_x86_64.whl", hash = "sha256:231710d57adfd809ef5d34183b8ed1eeae3f76459c18fb4a0b373ad56bedcdd9"},
    {file = "PyYAML-6.0-cp37-cp37m-win32.whl", hash = "sha256:c5687b8d43cf58545ade1fe3e055f70eac7a5a1a0bf42824308d868289a95737"},
    {file = "PyYAML-6.0-cp37-cp37m-win_amd64.whl", hash = "sha256:d15a181d1ecd0d4270dc32edb46f7cb7733c7c508857278d3d378d14d606db2d"},
    {file = "PyYAML-6.0-cp38-cp38-macosx_10_9_x86_64.whl", hash = "sha256:0b4624f379dab24d3725ffde76559cff63d9ec94e1736b556dacdfebe5ab6d4b"},
    {file = "PyYAML-6.0-cp38-cp38-manylinux_2_17_aarch64.manylinux2014_aarch64.whl", hash = "sha256:213c60cd50106436cc818accf5baa1aba61c0189ff610f64f4a3e8c6726218ba"},
    {file = "PyYAML-6.0-cp38-cp38-manylinux_2_17_s390x.manylinux2014_s390x.whl", hash = "sha256:9fa600030013c4de8165339db93d182b9431076eb98eb40ee068700c9c813e34"},
    {file = "PyYAML-6.0-cp38-cp38-manylinux_2_5_x86_64.manylinux1_x86_64.manylinux_2_12_x86_64.manylinux2010_x86_64.whl", hash = "sha256:277a0ef2981ca40581a47093e9e2d13b3f1fbbeffae064c1d21bfceba2030287"},
    {file = "PyYAML-6.0-cp38-cp38-win32.whl", hash = "sha256:d4eccecf9adf6fbcc6861a38015c2a64f38b9d94838ac1810a9023a0609e1b78"},
    {file = "PyYAML-6.0-cp38-cp38-win_amd64.whl", hash = "sha256:1e4747bc279b4f613a09eb64bba2ba602d8a6664c6ce6396a4d0cd413a50ce07"},
    {file = "PyYAML-6.0-cp39-cp39-macosx_10_9_x86_64.whl", hash = "sha256:055d937d65826939cb044fc8c9b08889e8c743fdc6a32b33e2390f66013e449b"},
    {file = "PyYAML-6.0-cp39-cp39-macosx_11_0_arm64.whl", hash = "sha256:e61ceaab6f49fb8bdfaa0f92c4b57bcfbea54c09277b1b4f7ac376bfb7a7c174"},
    {file = "PyYAML-6.0-cp39-cp39-manylinux_2_17_aarch64.manylinux2014_aarch64.whl", hash = "sha256:d67d839ede4ed1b28a4e8909735fc992a923cdb84e618544973d7dfc71540803"},
    {file = "PyYAML-6.0-cp39-cp39-manylinux_2_17_s390x.manylinux2014_s390x.whl", hash = "sha256:cba8c411ef271aa037d7357a2bc8f9ee8b58b9965831d9e51baf703280dc73d3"},
    {file = "PyYAML-6.0-cp39-cp39-manylinux_2_5_x86_64.manylinux1_x86_64.manylinux_2_12_x86_64.manylinux2010_x86_64.whl", hash = "sha256:40527857252b61eacd1d9af500c3337ba8deb8fc298940291486c465c8b46ec0"},
    {file = "PyYAML-6.0-cp39-cp39-win32.whl", hash = "sha256:b5b9eccad747aabaaffbc6064800670f0c297e52c12754eb1d976c57e4f74dcb"},
    {file = "PyYAML-6.0-cp39-cp39-win_amd64.whl", hash = "sha256:b3d267842bf12586ba6c734f89d1f5b871df0273157918b0ccefa29deb05c21c"},
    {file = "PyYAML-6.0.tar.gz", hash = "sha256:68fb519c14306fec9720a2a5b45bc9f0c8d1b9c72adf45c37baedfcd949c35a2"},
]
sgp4 = [
    {file = "sgp4-2.20-cp36-cp36m-macosx_10_9_x86_64.whl", hash = "sha256:b2169cd536355fc67e3870acea34c4fc22b2ccecab2c0bf45a01edfe646fe3d0"},
    {file = "sgp4-2.20-cp36-cp36m-manylinux1_i686.whl", hash = "sha256:7d848698ae2bf5bb9ea2082640b0417175a6b2e6e8d580114ebe04265cd1bfb4"},
    {file = "sgp4-2.20-cp36-cp36m-manylinux1_x86_64.whl", hash = "sha256:1d3b5abc07266203f4b453e7c1ca8403ef2d7b8d1779c14c9a4177e4b1558ba5"},
    {file = "sgp4-2.20-cp36-cp36m-manylinux2010_i686.whl", hash = "sha256:6c906973dc2966cba8065f359c3eaa18505280be8f625b54ebb98f5ddeb8d205"},
    {file = "sgp4-2.20-cp36-cp36m-manylinux2010_x86_64.whl", hash = "sha256:3e3eb29c308d30d010316832606af184d243d5aab8ccc5d589f3cb85d74471f7"},
    {file = "sgp4-2.20-cp36-cp36m-win32.whl", hash = "sha256:e73680b3b7b8b977766ae91eadd92988a0c3e36248dcac5d8263a957bec34a04"},
    {file = "sgp4-2.20-cp36-cp36m-win_amd64.whl", hash = "sha256:cf4d5ac32b5e84c7b420109a09ea3c3741844fa92776f79d1c852cc67e2c1364"},
    {file = "sgp4-2.20-cp37-cp37m-macosx_10_9_x86_64.whl", hash = "sha256:2a89fc1debacfa10cf55ae1d40472037a57687b1ae3b66e7196e5af53fb96a56"},
    {file = "sgp4-2.20-cp37-cp37m-manylinux1_i686.whl", hash = "sha256:4d5eb2aff4f645f5020ac869ec453dcd807836b3eb8b459d569eda40c358cd76"},
    {file = "sgp4-2.20-cp37-cp37m-manylinux1_x86_64.whl", hash = "sha256:2b449e6cab15748608c6083f86b0059d26093f76fa227010df09d8f0954b3bbd"},
    {file = "sgp4-2.20-cp37-cp37m-manylinux2010_i686.whl", hash = "sha256:8c2f4f99ab360a93768bf88ad6a9fdf83edfa6292e0a0ac8924c85fde11b2055"},
    {file = "sgp4-2.20-cp37-cp37m-manylinux2010_x86_64.whl", hash = "sha256:ee3688ae409a201107927b24be10db2a61efdd5a919737b4900c57ee8b3a22d6"},
    {file = "sgp4-2.20-cp37-cp37m-win32.whl", hash = "sha256:24477da85936b864fd765911f808a4d113c81189c2a0ecd5992bcdf9aecbf5ef"},
    {file = "sgp4-2.20-cp37-cp37m-win_amd64.whl", hash = "sha256:ee329571c1a25ce4f1e2b01d6f923791d16c5a7a3a75219317073bc50a7d25fe"},
    {file = "sgp4-2.20-cp38-cp38-macosx_10_9_x86_64.whl", hash = "sha256:1af727dfe02ef32babd124644e96b8cc109b22142efb44e37d0e3aaf4c38a1ab"},
    {file = "sgp4-2.20-cp38-cp38-manylinux1_i686.whl", hash = "sha256:43c2c6d464144bb80987b2e66f3992add58c65e095abe2b9d567650fdb877a9d"},
    {file = "sgp4-2.20-cp38-cp38-manylinux1_x86_64.whl", hash = "sha256:67f99f534fdc5650d8efe516e77dd9b43e4cb8ab9b38f2b66484085c0ff75077"},
    {file = "sgp4-2.20-cp38-cp38-manylinux2010_i686.whl", hash = "sha256:dfc5214b65ad8229c499f0da3f5042a18239f12f4318e90d892a79dcbf27282f"},
    {file = "sgp4-2.20-cp38-cp38-manylinux2010_x86_64.whl", hash = "sha256:e8ecc01fdffe81f11ca94bb255024379e62c92f73e2baec2bdf5a3c3108221ff"},
    {file = "sgp4-2.20-cp38-cp38-win32.whl", hash = "sha256:06586caf071e3427bc4e5a5c84a806045532040dc2c35ca0ff12f34cab2ecb5c"},
    {file = "sgp4-2.20-cp38-cp38-win_amd64.whl", hash = "sha256:642bae76c6e55b72feda3c5ca3721e837f2702816a120805349b06e40f85faea"},
    {file = "sgp4-2.20-cp39-cp39-macosx_10_9_x86_64.whl", hash = "sha256:dbfffe1ff2c223804e2ebdeb568baad46f40342943c4a74169fd75dc5dddda57"},
    {file = "sgp4-2.20-cp39-cp39-manylinux1_i686.whl", hash = "sha256:05f22b4fd91861ee2e0e03a528c1aef11a8b263a60ab5f723d32cdb65dac3eaa"},
    {file = "sgp4-2.20-cp39-cp39-manylinux1_x86_64.whl", hash = "sha256:80f9b2f1c2ac53c7b8cbf1a08e5a39a56c1b7c18d3e0de922078758a784b0b20"},
    {file = "sgp4-2.20-cp39-cp39-manylinux2010_i686.whl", hash = "sha256:f5d2830f2896cecc4af0729cd328994ae823f277f481d4fc992383eb79f3742a"},
    {file = "sgp4-2.20-cp39-cp39-manylinux2010_x86_64.whl", hash = "sha256:ea37423d4317ec5351a4e3b6a3947a6053978e5290549d77ba375459527f7ccb"},
    {file = "sgp4-2.20-cp39-cp39-win32.whl", hash = "sha256:d42a3dcdfd394c5059b99bbf8b35311e03e87d21fbfb6ba2d5c5d2dfad15d4d7"},
    {file = "sgp4-2.20-cp39-cp39-win_amd64.whl", hash = "sha256:876b82d41a859c9ff65d3bdb7f6a3cecfc63bea529b4dc751b06eefbd6c3f1e0"},
    {file = "sgp4-2.20.tar.gz", hash = "sha256:9fde328872f484eb644dabe32122ba617570ff61b548b7200a9d63629ac3097c"},
]
six = [
    {file = "six-1.16.0-py2.py3-none-any.whl", hash = "sha256:8abb2f1d86890a2dfb989f9a77cfcfd3e47c2a354b01111771326f8aa26e0254"},
    {file = "six-1.16.0.tar.gz", hash = "sha256:1e61c37477a1626458e36f7b1d82aa5c9b094fa4802892072e49de9c60c4c926"},
]
skyfield = [
    {file = "skyfield-1.42.tar.gz", hash = "sha256:3447fd3a9a9dabc2080e6a4efb56d9883decf261ad78e6c9b3f187c4fc761ace"},
]
